
Microsoft Visual Studio Solution File, Format Version 12.00
# Visual Studio 15
VisualStudioVersion = 15.0.28307.1062
MinimumVisualStudioVersion = 10.0.40219.1
Project("{FAE04EC0-301F-11D3-BF4B-00C04F79EFBC}") = "BookStoreApp", "BookStoreApp\BookStoreApp.csproj", "{5E167C7B-F5E0-482B-AFCB-EE2F10632912}"
EndProject
Project("{FAE04EC0-301F-11D3-BF4B-00C04F79EFBC}") = "BookStore.Domain", "BookStore.Domain\BookStore.Domain.csproj", "{4DBBFF4D-86CD-4EDE-B702-CA05F9B4D3BA}"
EndProject
Global
	GlobalSection(SolutionConfigurationPlatforms) = preSolution
		Debug|Any CPU = Debug|Any CPU
		Release|Any CPU = Release|Any CPU
	EndGlobalSection
	GlobalSection(ProjectConfigurationPlatforms) = postSolution
		{5E167C7B-F5E0-482B-AFCB-EE2F10632912}.Debug|Any CPU.ActiveCfg = Debug|Any CPU
		{5E167C7B-F5E0-482B-AFCB-EE2F10632912}.Debug|Any CPU.Build.0 = Debug|Any CPU
		{5E167C7B-F5E0-482B-AFCB-EE2F10632912}.Release|Any CPU.ActiveCfg = Release|Any CPU
		{5E167C7B-F5E0-482B-AFCB-EE2F10632912}.Release|Any CPU.Build.0 = Release|Any CPU
		{4DBBFF4D-86CD-4EDE-B702-CA05F9B4D3BA}.Debug|Any CPU.ActiveCfg = Debug|Any CPU
		{4DBBFF4D-86CD-4EDE-B702-CA05F9B4D3BA}.Debug|Any CPU.Build.0 = Debug|Any CPU
		{4DBBFF4D-86CD-4EDE-B702-CA05F9B4D3BA}.Release|Any CPU.ActiveCfg = Release|Any CPU
		{4DBBFF4D-86CD-4EDE-B702-CA05F9B4D3BA}.Release|Any CPU.Build.0 = Release|Any CPU
	EndGlobalSection
	GlobalSection(SolutionProperties) = preSolution
		HideSolutionNode = FALSE
	EndGlobalSection
	GlobalSection(ExtensibilityGlobals) = postSolution
		SolutionGuid = {8AE4E100-6F09-4F19-B0CB-DB0476515549}
	EndGlobalSection
EndGlobal
